
Microsoft Visual Studio Solution File, Format Version 12.00
# Visual Studio Version 17
VisualStudioVersion = 17.14.35906.104
MinimumVisualStudioVersion = 10.0.40219.1
Project("{FAE04EC0-301F-11D3-BF4B-00C04F79EFBC}") = "ChatServer", "Server\ChatServer.csproj", "{0B199BA2-0A6C-46EA-AFF4-C4B3D4A1B04F}"
EndProject
Project("{FAE04EC0-301F-11D3-BF4B-00C04F79EFBC}") = "ChatClient", "Client\ChatClient.csproj", "{0F96BAEF-FD22-D09B-511A-726CC0AA9A94}"
EndProject
Global
	GlobalSection(SolutionConfigurationPlatforms) = preSolution
		Debug|Any CPU = Debug|Any CPU
		Release|Any CPU = Release|Any CPU
	EndGlobalSection
	GlobalSection(ProjectConfigurationPlatforms) = postSolution
		{0B199BA2-0A6C-46EA-AFF4-C4B3D4A1B04F}.Debug|Any CPU.ActiveCfg = Debug|Any CPU
		{0B199BA2-0A6C-46EA-AFF4-C4B3D4A1B04F}.Debug|Any CPU.Build.0 = Debug|Any CPU
		{0B199BA2-0A6C-46EA-AFF4-C4B3D4A1B04F}.Release|Any CPU.ActiveCfg = Release|Any CPU
		{0B199BA2-0A6C-46EA-AFF4-C4B3D4A1B04F}.Release|Any CPU.Build.0 = Release|Any CPU
		{0F96BAEF-FD22-D09B-511A-726CC0AA9A94}.Debug|Any CPU.ActiveCfg = Debug|Any CPU
		{0F96BAEF-FD22-D09B-511A-726CC0AA9A94}.Debug|Any CPU.Build.0 = Debug|Any CPU
		{0F96BAEF-FD22-D09B-511A-726CC0AA9A94}.Release|Any CPU.ActiveCfg = Release|Any CPU
		{0F96BAEF-FD22-D09B-511A-726CC0AA9A94}.Release|Any CPU.Build.0 = Release|Any CPU
	EndGlobalSection
	GlobalSection(SolutionProperties) = preSolution
		HideSolutionNode = FALSE
	EndGlobalSection
	GlobalSection(ExtensibilityGlobals) = postSolution
		SolutionGuid = {A113AFE5-9832-47B7-A9B4-E4E7554F240F}
	EndGlobalSection
EndGlobal
